
Microsoft Visual Studio Solution File, Format Version 12.00
# Visual Studio Version 16
VisualStudioVersion = 16.0.29009.5
MinimumVisualStudioVersion = 10.0.40219.1
Project("{FAE04EC0-301F-11D3-BF4B-00C04F79EFBC}") = "WindowsFormsApp1", "WindowsFormsApp1\WindowsFormsApp1.csproj", "{09EC0C08-EC35-4E93-86EA-E07A17CF643A}"
EndProject
Global
	GlobalSection(SolutionConfigurationPlatforms) = preSolution
		Debug|Any CPU = Debug|Any CPU
		Release|Any CPU = Release|Any CPU
	EndGlobalSection
	GlobalSection(ProjectConfigurationPlatforms) = postSolution
		{09EC0C08-EC35-4E93-86EA-E07A17CF643A}.Debug|Any CPU.ActiveCfg = Debug|Any CPU
		{09EC0C08-EC35-4E93-86EA-E07A17CF643A}.Debug|Any CPU.Build.0 = Debug|Any CPU
		{09EC0C08-EC35-4E93-86EA-E07A17CF643A}.Release|Any CPU.ActiveCfg = Release|Any CPU
		{09EC0C08-EC35-4E93-86EA-E07A17CF643A}.Release|Any CPU.Build.0 = Release|Any CPU
	EndGlobalSection
	GlobalSection(SolutionProperties) = preSolution
		HideSolutionNode = FALSE
	EndGlobalSection
	GlobalSection(ExtensibilityGlobals) = postSolution
		SolutionGuid = {E5C1A3C0-A8C4-44F7-BDE0-B9639549518F}
	EndGlobalSection
EndGlobal
